<?xml version="1.0" encoding="utf-8"?>
<Project ToolsVersion="4.0" xmlns="http://schemas.microsoft.com/developer/msbuild/2003">
  <ItemGroup>
    <ClCompile Include="CAboutDlg.cpp">
      <Filter>Source Files</Filter>
    </ClCompile>
    <ClCompile Include="CChildFrame.cpp">
      <Filter>Source Files</Filter>
    </ClCompile>
    <ClCompile Include="CMainFrame.cpp">
      <Filter>Source Files</Filter>
    </ClCompile>
    <ClCompile Include="MDIAppView.cpp">
      <Filter>Source Files</Filter>
    </ClCompile>
    <ClCompile Include="MDIAppViewDoc.cpp">
      <Filter>Source Files</Filter>
    </ClCompile>
    <ClCompile Include="MDIAppViewView.cpp">
      <Filter>Source Files</Filter>
    </ClCompile>
    <ClCompile Include="StdAfx.cpp">
      <Filter>Source Files</Filter>
    </ClCompile>
    <ClCompile Include="CDialogAbout.cpp">
      <Filter>Source Files</Filter>
    </ClCompile>
    <ClCompile Include="TreeListCtrlDoc.cpp">
      <Filter>Source Files</Filter>
    </ClCompile>
    <ClCompile Include="TreeListCtrlView.cpp">
      <Filter>Source Files</Filter>
    </ClCompile>
    <ClCompile Include="TreeListView.cpp">
      <Filter>Source Files</Filter>
    </ClCompile>
    <ClCompile Include="TreeListCtrlFrame.cpp">
      <Filter>Source Files</Filter>
    </ClCompile>
    <ClCompile Include="CBaseTreeCtrl.cpp">
      <Filter>Source Files</Filter>
    </ClCompile>
    <ClCompile Include="ListFont\ListFontDoc.cpp">
      <Filter>Source Files\ListFont</Filter>
    </ClCompile>
    <ClCompile Include="ListFont\ListFontFrame.cpp">
      <Filter>Source Files\ListFont</Filter>
    </ClCompile>
    <ClCompile Include="ListFont\ListFontView.cpp">
      <Filter>Source Files\ListFont</Filter>
    </ClCompile>
    <ClCompile Include="ListFont\HeaderCtrlExt.cpp">
      <Filter>Source Files\ListFont</Filter>
    </ClCompile>
    <ClCompile Include="ListFont\ListCtrlExt.cpp">
      <Filter>Source Files\ListFont</Filter>
    </ClCompile>
    <ClCompile Include="CDlgSelectFont.cpp">
      <Filter>Source Files\ListFont</Filter>
    </ClCompile>
  </ItemGroup>
  <ItemGroup>
    <ClInclude Include="CAboutDlg.h">
      <Filter>Header Files</Filter>
    </ClInclude>
    <ClInclude Include="CChildFrame.h">
      <Filter>Header Files</Filter>
    </ClInclude>
    <ClInclude Include="CMainFrame.h">
      <Filter>Header Files</Filter>
    </ClInclude>
    <ClInclude Include="MDIAppView.h">
      <Filter>Header Files</Filter>
    </ClInclude>
    <ClInclude Include="MDIAppViewDoc.h">
      <Filter>Header Files</Filter>
    </ClInclude>
    <ClInclude Include="MDIAppViewView.h">
      <Filter>Header Files</Filter>
    </ClInclude>
    <ClInclude Include="StdAfx.h">
      <Filter>Header Files</Filter>
    </ClInclude>
    <ClInclude Include="CDialogAbout.h">
      <Filter>Header Files</Filter>
    </ClInclude>
    <ClInclude Include="resource.h">
      <Filter>Source Files</Filter>
    </ClInclude>
    <ClInclude Include="TreeListCtrlDoc.h">
      <Filter>Header Files</Filter>
    </ClInclude>
    <ClInclude Include="TreeListCtrlView.h">
      <Filter>Header Files</Filter>
    </ClInclude>
    <ClInclude Include="TreeListView.h">
      <Filter>Header Files</Filter>
    </ClInclude>
    <ClInclude Include="TreeListCtrlFrame.h">
      <Filter>Header Files</Filter>
    </ClInclude>
    <ClInclude Include="CBaseTreeCtrl.h">
      <Filter>Header Files</Filter>
    </ClInclude>
    <ClInclude Include="ListFont\ListFontDoc.h">
      <Filter>Header Files\ListFont</Filter>
    </ClInclude>
    <ClInclude Include="ListFont\ListFontFrame.h">
      <Filter>Header Files\ListFont</Filter>
    </ClInclude>
    <ClInclude Include="ListFont\ListFontView.h">
      <Filter>Header Files\ListFont</Filter>
    </ClInclude>
    <ClInclude Include="ListFont\HeaderCtrlExt.h">
      <Filter>Header Files\ListFont</Filter>
    </ClInclude>
    <ClInclude Include="ListFont\ListCtrlExt.h">
      <Filter>Header Files\ListFont</Filter>
    </ClInclude>
    <ClInclude Include="CDlgSelectFont.h">
      <Filter>Header Files\ListFont</Filter>
    </ClInclude>
  </ItemGroup>
  <ItemGroup>
    <Filter Include="Resource">
      <UniqueIdentifier>{e3c250bd-a25d-4bc3-8607-ac75099347a8}</UniqueIdentifier>
    </Filter>
    <Filter Include="Source Files">
      <UniqueIdentifier>{36bf8b73-d5f5-44ca-a759-dfd35124ccad}</UniqueIdentifier>
    </Filter>
    <Filter Include="Header Files">
      <UniqueIdentifier>{7407d18d-9aec-49e7-b297-22a4d30ae360}</UniqueIdentifier>
    </Filter>
    <Filter Include="Header Files\ListFont">
      <UniqueIdentifier>{98ddf83a-5eca-4c0a-8fe0-4a7486a0b892}</UniqueIdentifier>
    </Filter>
    <Filter Include="Source Files\ListFont">
      <UniqueIdentifier>{dc6502c6-95fa-41a1-9225-19aa965b80b5}</UniqueIdentifier>
    </Filter>
  </ItemGroup>
  <ItemGroup>
    <ResourceCompile Include="Resource.rc">
      <Filter>Resource</Filter>
    </ResourceCompile>
  </ItemGroup>
  <ItemGroup>
    <Image Include="res\MDIAppView.ico">
      <Filter>Resource</Filter>
    </Image>
    <Image Include="res\MDIAppViewDoc.ico">
      <Filter>Resource</Filter>
    </Image>
    <Image Include="res\Toolbar.bmp">
      <Filter>Resource</Filter>
    </Image>
    <Image Include="res\bitmap_g.bmp">
      <Filter>Resource</Filter>
    </Image>
    <Image Include="res\bitmap1.bmp">
      <Filter>Resource</Filter>
    </Image>
    <Image Include="res\bitmap2.bmp">
      <Filter>Resource</Filter>
    </Image>
  </ItemGroup>
  <ItemGroup>
    <None Include="res\Resource.rc2">
      <Filter>Resource</Filter>
    </None>
  </ItemGroup>
</Project>